
Microsoft Visual Studio Solution File, Format Version 12.00
# Visual Studio Version 17
VisualStudioVersion = 17.5.33627.172
MinimumVisualStudioVersion = 10.0.40219.1
Project("{9A19103F-16F7-4668-BE54-9A1E7A4F7556}") = "VISTA", "VISTA\VISTA.csproj", "{9C887E26-C86D-42CD-907E-5A6CED426E5F}"
EndProject
Project("{9A19103F-16F7-4668-BE54-9A1E7A4F7556}") = "MODELO", "MODELO\MODELO.csproj", "{DC685836-06F1-4359-A9AB-77AFE6D7DE53}"
EndProject
Project("{FAE04EC0-301F-11D3-BF4B-00C04F79EFBC}") = "CONTEXTO", "CONTEXTO\CONTEXTO.csproj", "{4AEB5464-E313-49B5-8EFD-2048E70A4FD3}"
EndProject
Project("{FAE04EC0-301F-11D3-BF4B-00C04F79EFBC}") = "CONTROLADORA", "CONTROLADORA\CONTROLADORA.csproj", "{ADB6C700-7AE8-444F-A313-62ACDBB8B4F9}"
EndProject
Project("{FAE04EC0-301F-11D3-BF4B-00C04F79EFBC}") = "CASOS_DE_USO", "CASOS_DE_USO\CASOS_DE_USO.csproj", "{9567ADE6-FA4C-4AA5-9F39-3B97C2A56E4D}"
EndProject
Global
	GlobalSection(SolutionConfigurationPlatforms) = preSolution
		Debug|Any CPU = Debug|Any CPU
		Release|Any CPU = Release|Any CPU
	EndGlobalSection
	GlobalSection(ProjectConfigurationPlatforms) = postSolution
		{9C887E26-C86D-42CD-907E-5A6CED426E5F}.Debug|Any CPU.ActiveCfg = Debug|Any CPU
		{9C887E26-C86D-42CD-907E-5A6CED426E5F}.Debug|Any CPU.Build.0 = Debug|Any CPU
		{9C887E26-C86D-42CD-907E-5A6CED426E5F}.Release|Any CPU.ActiveCfg = Release|Any CPU
		{9C887E26-C86D-42CD-907E-5A6CED426E5F}.Release|Any CPU.Build.0 = Release|Any CPU
		{DC685836-06F1-4359-A9AB-77AFE6D7DE53}.Debug|Any CPU.ActiveCfg = Debug|Any CPU
		{DC685836-06F1-4359-A9AB-77AFE6D7DE53}.Debug|Any CPU.Build.0 = Debug|Any CPU
		{DC685836-06F1-4359-A9AB-77AFE6D7DE53}.Release|Any CPU.ActiveCfg = Release|Any CPU
		{DC685836-06F1-4359-A9AB-77AFE6D7DE53}.Release|Any CPU.Build.0 = Release|Any CPU
		{4AEB5464-E313-49B5-8EFD-2048E70A4FD3}.Debug|Any CPU.ActiveCfg = Debug|Any CPU
		{4AEB5464-E313-49B5-8EFD-2048E70A4FD3}.Debug|Any CPU.Build.0 = Debug|Any CPU
		{4AEB5464-E313-49B5-8EFD-2048E70A4FD3}.Release|Any CPU.ActiveCfg = Release|Any CPU
		{4AEB5464-E313-49B5-8EFD-2048E70A4FD3}.Release|Any CPU.Build.0 = Release|Any CPU
		{ADB6C700-7AE8-444F-A313-62ACDBB8B4F9}.Debug|Any CPU.ActiveCfg = Debug|Any CPU
		{ADB6C700-7AE8-444F-A313-62ACDBB8B4F9}.Debug|Any CPU.Build.0 = Debug|Any CPU
		{ADB6C700-7AE8-444F-A313-62ACDBB8B4F9}.Release|Any CPU.ActiveCfg = Release|Any CPU
		{ADB6C700-7AE8-444F-A313-62ACDBB8B4F9}.Release|Any CPU.Build.0 = Release|Any CPU
		{9567ADE6-FA4C-4AA5-9F39-3B97C2A56E4D}.Debug|Any CPU.ActiveCfg = Debug|Any CPU
		{9567ADE6-FA4C-4AA5-9F39-3B97C2A56E4D}.Debug|Any CPU.Build.0 = Debug|Any CPU
		{9567ADE6-FA4C-4AA5-9F39-3B97C2A56E4D}.Release|Any CPU.ActiveCfg = Release|Any CPU
		{9567ADE6-FA4C-4AA5-9F39-3B97C2A56E4D}.Release|Any CPU.Build.0 = Release|Any CPU
	EndGlobalSection
	GlobalSection(SolutionProperties) = preSolution
		HideSolutionNode = FALSE
	EndGlobalSection
	GlobalSection(ExtensibilityGlobals) = postSolution
		SolutionGuid = {36526675-4FC1-47AA-9DD9-D7C1FFA77B9F}
	EndGlobalSection
EndGlobal
